
Microsoft Visual Studio Solution File, Format Version 12.00
# Visual Studio Version 16
VisualStudioVersion = 16.0.29009.5
MinimumVisualStudioVersion = 10.0.40219.1
Project("{FAE04EC0-301F-11D3-BF4B-00C04F79EFBC}") = "WebAPI", "WebAPI\WebAPI.csproj", "{CC140BD0-D77B-4D31-93F0-3BC5F6142888}"
EndProject
Global
	GlobalSection(SolutionConfigurationPlatforms) = preSolution
		Debug|Any CPU = Debug|Any CPU
		Release|Any CPU = Release|Any CPU
	EndGlobalSection
	GlobalSection(ProjectConfigurationPlatforms) = postSolution
		{CC140BD0-D77B-4D31-93F0-3BC5F6142888}.Debug|Any CPU.ActiveCfg = Debug|Any CPU
		{CC140BD0-D77B-4D31-93F0-3BC5F6142888}.Debug|Any CPU.Build.0 = Debug|Any CPU
		{CC140BD0-D77B-4D31-93F0-3BC5F6142888}.Release|Any CPU.ActiveCfg = Release|Any CPU
		{CC140BD0-D77B-4D31-93F0-3BC5F6142888}.Release|Any CPU.Build.0 = Release|Any CPU
	EndGlobalSection
	GlobalSection(SolutionProperties) = preSolution
		HideSolutionNode = FALSE
	EndGlobalSection
	GlobalSection(ExtensibilityGlobals) = postSolution
		SolutionGuid = {AE89C5C6-B018-4317-8C9A-AB70F0327DB3}
	EndGlobalSection
EndGlobal
